Microsoft Visual Studio Solution File, Format Version 12.00
# Visual Studio Version 17
VisualStudioVersion = 17.13.35931.197
MinimumVisualStudioVersion = 10.0.40219.1
Project("{FAE04EC0-301F-11D3-BF4B-00C04F79EFBC}") = "Ejercice5", "Ejercice5\Ejercice5.csproj", "{36D2786C-E803-4BC6-92E4-47199F5EED41}"
EndProject
Global
	GlobalSection(SolutionConfigurationPlatforms) = preSolution
		Debug|Any CPU = Debug|Any CPU
		Release|Any CPU = Release|Any CPU
	EndGlobalSection
	GlobalSection(ProjectConfigurationPlatforms) = postSolution
		{36D2786C-E803-4BC6-92E4-47199F5EED41}.Debug|Any CPU.ActiveCfg = Debug|Any CPU
		{36D2786C-E803-4BC6-92E4-47199F5EED41}.Debug|Any CPU.Build.0 = Debug|Any CPU
		{36D2786C-E803-4BC6-92E4-47199F5EED41}.Release|Any CPU.ActiveCfg = Release|Any CPU
		{36D2786C-E803-4BC6-92E4-47199F5EED41}.Release|Any CPU.Build.0 = Release|Any CPU
	EndGlobalSection
	GlobalSection(SolutionProperties) = preSolution
		HideSolutionNode = FALSE
	EndGlobalSection
	GlobalSection(ExtensibilityGlobals) = postSolution
		SolutionGuid = {CF49E226-F0D9-4019-8772-45DC46F36119}
	EndGlobalSection
EndGlobal
