
Microsoft Visual Studio Solution File, Format Version 12.00
# Visual Studio Version 17
VisualStudioVersion = 17.13.35931.197 d17.13
MinimumVisualStudioVersion = 10.0.40219.1
Project("{FAE04EC0-301F-11D3-BF4B-00C04F79EFBC}") = "DiaDeNacimiento", "DiaDeNacimiento\DiaDeNacimiento.csproj", "{98220879-9146-4E89-97B4-9ECC2514EBA4}"
EndProject
Global
	GlobalSection(SolutionConfigurationPlatforms) = preSolution
		Debug|Any CPU = Debug|Any CPU
		Release|Any CPU = Release|Any CPU
	EndGlobalSection
	GlobalSection(ProjectConfigurationPlatforms) = postSolution
		{98220879-9146-4E89-97B4-9ECC2514EBA4}.Debug|Any CPU.ActiveCfg = Debug|Any CPU
		{98220879-9146-4E89-97B4-9ECC2514EBA4}.Debug|Any CPU.Build.0 = Debug|Any CPU
		{98220879-9146-4E89-97B4-9ECC2514EBA4}.Release|Any CPU.ActiveCfg = Release|Any CPU
		{98220879-9146-4E89-97B4-9ECC2514EBA4}.Release|Any CPU.Build.0 = Release|Any CPU
	EndGlobalSection
	GlobalSection(SolutionProperties) = preSolution
		HideSolutionNode = FALSE
	EndGlobalSection
	GlobalSection(ExtensibilityGlobals) = postSolution
		SolutionGuid = {A03F4290-E523-46B8-8E38-3F13C862F759}
	EndGlobalSection
EndGlobal
